
Microsoft Visual Studio Solution File, Format Version 12.00
# Visual Studio Version 16
VisualStudioVersion = 16.0.31729.503
MinimumVisualStudioVersion = 10.0.40219.1
Project("{FAE04EC0-301F-11D3-BF4B-00C04F79EFBC}") = "ConvertirTemperaturas", "ConvertirTemperaturas\ConvertirTemperaturas.csproj", "{A8FA533D-800B-4F53-B663-9CAC42227770}"
EndProject
Project("{FAE04EC0-301F-11D3-BF4B-00C04F79EFBC}") = "Domain", "Domain\Domain.csproj", "{C3FEAC67-10C8-489A-ABB5-184FFBB2FA6A}"
EndProject
Project("{FAE04EC0-301F-11D3-BF4B-00C04F79EFBC}") = "Infraestructure", "Infraestructure\Infraestructure.csproj", "{0D6900A0-9536-4EDE-8B3C-F466D5698415}"
EndProject
Project("{FAE04EC0-301F-11D3-BF4B-00C04F79EFBC}") = "AppCore", "AppCore\AppCore.csproj", "{A45723DA-B457-4335-8CB1-4211586FB682}"
EndProject
Global
	GlobalSection(SolutionConfigurationPlatforms) = preSolution
		Debug|Any CPU = Debug|Any CPU
		Release|Any CPU = Release|Any CPU
	EndGlobalSection
	GlobalSection(ProjectConfigurationPlatforms) = postSolution
		{A8FA533D-800B-4F53-B663-9CAC42227770}.Debug|Any CPU.ActiveCfg = Debug|Any CPU
		{A8FA533D-800B-4F53-B663-9CAC42227770}.Debug|Any CPU.Build.0 = Debug|Any CPU
		{A8FA533D-800B-4F53-B663-9CAC42227770}.Release|Any CPU.ActiveCfg = Release|Any CPU
		{A8FA533D-800B-4F53-B663-9CAC42227770}.Release|Any CPU.Build.0 = Release|Any CPU
		{C3FEAC67-10C8-489A-ABB5-184FFBB2FA6A}.Debug|Any CPU.ActiveCfg = Debug|Any CPU
		{C3FEAC67-10C8-489A-ABB5-184FFBB2FA6A}.Debug|Any CPU.Build.0 = Debug|Any CPU
		{C3FEAC67-10C8-489A-ABB5-184FFBB2FA6A}.Release|Any CPU.ActiveCfg = Release|Any CPU
		{C3FEAC67-10C8-489A-ABB5-184FFBB2FA6A}.Release|Any CPU.Build.0 = Release|Any CPU
		{0D6900A0-9536-4EDE-8B3C-F466D5698415}.Debug|Any CPU.ActiveCfg = Debug|Any CPU
		{0D6900A0-9536-4EDE-8B3C-F466D5698415}.Debug|Any CPU.Build.0 = Debug|Any CPU
		{0D6900A0-9536-4EDE-8B3C-F466D5698415}.Release|Any CPU.ActiveCfg = Release|Any CPU
		{0D6900A0-9536-4EDE-8B3C-F466D5698415}.Release|Any CPU.Build.0 = Release|Any CPU
		{A45723DA-B457-4335-8CB1-4211586FB682}.Debug|Any CPU.ActiveCfg = Debug|Any CPU
		{A45723DA-B457-4335-8CB1-4211586FB682}.Debug|Any CPU.Build.0 = Debug|Any CPU
		{A45723DA-B457-4335-8CB1-4211586FB682}.Release|Any CPU.ActiveCfg = Release|Any CPU
		{A45723DA-B457-4335-8CB1-4211586FB682}.Release|Any CPU.Build.0 = Release|Any CPU
	EndGlobalSection
	GlobalSection(SolutionProperties) = preSolution
		HideSolutionNode = FALSE
	EndGlobalSection
	GlobalSection(ExtensibilityGlobals) = postSolution
		SolutionGuid = {41150222-771F-4290-BAF7-FD561A8ACF0D}
	EndGlobalSection
EndGlobal
